
Microsoft Visual Studio Solution File, Format Version 12.00
# Visual Studio Version 17
VisualStudioVersion = 17.6.33815.320
MinimumVisualStudioVersion = 10.0.40219.1
Project("{FAE04EC0-301F-11D3-BF4B-00C04F79EFBC}") = "LC_forChinaValorantForms", "LC_forChinaValorantForms\LC_forChinaValorantForms.csproj", "{56E25AE8-6D07-4046-ABF4-108F0BC5D06D}"
EndProject
Global
	GlobalSection(SolutionConfigurationPlatforms) = preSolution
		Debug|Any CPU = Debug|Any CPU
		Release|Any CPU = Release|Any CPU
	EndGlobalSection
	GlobalSection(ProjectConfigurationPlatforms) = postSolution
		{56E25AE8-6D07-4046-ABF4-108F0BC5D06D}.Debug|Any CPU.ActiveCfg = Debug|Any CPU
		{56E25AE8-6D07-4046-ABF4-108F0BC5D06D}.Debug|Any CPU.Build.0 = Debug|Any CPU
		{56E25AE8-6D07-4046-ABF4-108F0BC5D06D}.Release|Any CPU.ActiveCfg = Release|Any CPU
		{56E25AE8-6D07-4046-ABF4-108F0BC5D06D}.Release|Any CPU.Build.0 = Release|Any CPU
	EndGlobalSection
	GlobalSection(SolutionProperties) = preSolution
		HideSolutionNode = FALSE
	EndGlobalSection
	GlobalSection(ExtensibilityGlobals) = postSolution
		SolutionGuid = {9C5E37E0-3576-4C7E-BA7C-8DF130267CA2}
	EndGlobalSection
EndGlobal
